// !$*UTF8*$!
{
	archiveVersion = 1;
	classes = {
	};
	objectVersion = 77;
	objects = {

/* Begin PBXContainerItemProxy section */
		8424C95C2FBD8ACB00D3D664 /* PBXContainerItemProxy */ = {
			isa = PBXContainerItemProxy;
			containerPortal = 8424C9462FBD8AC700D3D664 /* Project object */;
			proxyType = 1;
			remoteGlobalIDString = 8424C94D2FBD8AC700D3D664;
			remoteInfo = SwiftUIDemoAllComponents;
		};
		8424C9662FBD8ACB00D3D664 /* PBXContainerItemProxy */ = {
			isa = PBXContainerItemProxy;
			containerPortal = 8424C9462FBD8AC700D3D664 /* Project object */;
			proxyType = 1;
			remoteGlobalIDString = 8424C94D2FBD8AC700D3D664;
			remoteInfo = SwiftUIDemoAllComponents;
		};
/* End PBXContainerItemProxy section */

/* Begin PBXFileReference section */
		8424C94E2FBD8AC700D3D664 /* SwiftUIDemoAllComponents.app */ = {isa = PBXFileReference; explicitFileType = wrapper.application; includeInIndex = 0; path = SwiftUIDemoAllComponents.app; sourceTree = BUILT_PRODUCTS_DIR; };
		8424C95B2FBD8ACB00D3D664 /* SwiftUIDemoAllComponentsTests.xctest */ = {isa = PBXFileReference; explicitFileType = wrapper.cfbundle; includeInIndex = 0; path = SwiftUIDemoAllComponentsTests.xctest; sourceTree = BUILT_PRODUCTS_DIR; };
		8424C9652FBD8ACB00D3D664 /* SwiftUIDemoAllComponentsUITests.xctest */ = {isa = PBXFileReference; explicitFileType = wrapper.cfbundle; includeInIndex = 0; path = SwiftUIDemoAllComponentsUITests.xctest; sourceTree = BUILT_PRODUCTS_DIR; };
/* End PBXFileReference section */

/* Begin PBXFileSystemSynchronizedBuildFileExceptionSet section */
		8424C98A2FBD8C5800D3D664 /* Exceptions for "SwiftUIDemoAllComponents" folder in "SwiftUIDemoAllComponents" target */ = {
			isa = PBXFileSystemSynchronizedBuildFileExceptionSet;
			membershipExceptions = (
				Models/AppDemoModels.swift,
				ViewModels/AppDemoFormViewModel.swift,
				Views/Components/AppReusableComponents.swift,
				Views/Screens/AppComponentScreens.swift,
			);
			target = 8424C94D2FBD8AC700D3D664 /* SwiftUIDemoAllComponents */;
		};
/* End PBXFileSystemSynchronizedBuildFileExceptionSet section */

/* Begin PBXFileSystemSynchronizedRootGroup section */
		8424C9502FBD8AC700D3D664 /* SwiftUIDemoAllComponents */ = {
			isa = PBXFileSystemSynchronizedRootGroup;
			exceptions = (
				8424C98A2FBD8C5800D3D664 /* Exceptions for "SwiftUIDemoAllComponents" folder in "SwiftUIDemoAllComponents" target */,
			);
			path = SwiftUIDemoAllComponents;
			sourceTree = "<group>";
		};
		8424C95E2FBD8ACB00D3D664 /* SwiftUIDemoAllComponentsTests */ = {
			isa = PBXFileSystemSynchronizedRootGroup;
			path = SwiftUIDemoAllComponentsTests;
			sourceTree = "<group>";
		};
		8424C9682FBD8ACB00D3D664 /* SwiftUIDemoAllComponentsUITests */ = {
			isa = PBXFileSystemSynchronizedRootGroup;
			path = SwiftUIDemoAllComponentsUITests;
			sourceTree = "<group>";
		};
/* End PBXFileSystemSynchronizedRootGroup section */

/* Begin PBXFrameworksBuildPhase section */
		8424C94B2FBD8AC700D3D664 /* Frameworks */ = {
			isa = PBXFrameworksBuildPhase;
			buildActionMask = 2147483647;
			files = (
			);
			runOnlyForDeploymentPostprocessing = 0;
		};
		8424C9582FBD8ACB00D3D664 /* Frameworks */ = {
			isa = PBXFrameworksBuildPhase;
			buildActionMask = 2147483647;
			files = (
			);
			runOnlyForDeploymentPostprocessing = 0;
		};
		8424C9622FBD8ACB00D3D664 /* Frameworks */ = {
			isa = PBXFrameworksBuildPhase;
			buildActionMask = 2147483647;
			files = (
			);
			runOnlyForDeploymentPostprocessing = 0;
		};
/* End PBXFrameworksBuildPhase section */

/* Begin PBXGroup section */
		8424C9452FBD8AC700D3D664 = {
			isa = PBXGroup;
			children = (
				8424C9502FBD8AC700D3D664 /* SwiftUIDemoAllComponents */,
				8424C95E2FBD8ACB00D3D664 /* SwiftUIDemoAllComponentsTests */,
				8424C9682FBD8ACB00D3D664 /* SwiftUIDemoAllComponentsUITests */,
				8424C94F2FBD8AC700D3D664 /* Products */,
			);
			sourceTree = "<group>";
		};
		8424C94F2FBD8AC700D3D664 /* Products */ = {
			isa = PBXGroup;
			children = (
				8424C94E2FBD8AC700D3D664 /* SwiftUIDemoAllComponents.app */,
				8424C95B2FBD8ACB00D3D664 /* SwiftUIDemoAllComponentsTests.xctest */,
				8424C9652FBD8ACB00D3D664 /* SwiftUIDemoAllComponentsUITests.xctest */,
			);
			name = Products;
			sourceTree = "<group>";
		};
/* End PBXGroup section */

/* Begin PBXNativeTarget section */
		8424C94D2FBD8AC700D3D664 /* SwiftUIDemoAllComponents */ = {
			isa = PBXNativeTarget;
			buildConfigurationList = 8424C96F2FBD8ACB00D3D664 /* Build configuration list for PBXNativeTarget "SwiftUIDemoAllComponents" */;
			buildPhases = (
				8424C94A2FBD8AC700D3D664 /* Sources */,
				8424C94B2FBD8AC700D3D664 /* Frameworks */,
				8424C94C2FBD8AC700D3D664 /* Resources */,
			);
			buildRules = (
			);
			dependencies = (
			);
			fileSystemSynchronizedGroups = (
				8424C9502FBD8AC700D3D664 /* SwiftUIDemoAllComponents */,
			);
			name = SwiftUIDemoAllComponents;
			packageProductDependencies = (
			);
			productName = SwiftUIDemoAllComponents;
			productReference = 8424C94E2FBD8AC700D3D664 /* SwiftUIDemoAllComponents.app */;
			productType = "com.apple.product-type.application";
		};
		8424C95A2FBD8ACB00D3D664 /* SwiftUIDemoAllComponentsTests */ = {
			isa = PBXNativeTarget;
			buildConfigurationList = 8424C9722FBD8ACB00D3D664 /* Build configuration list for PBXNativeTarget "SwiftUIDemoAllComponentsTests" */;
			buildPhases = (
				8424C9572FBD8ACB00D3D664 /* Sources */,
				8424C9582FBD8ACB00D3D664 /* Frameworks */,
				8424C9592FBD8ACB00D3D664 /* Resources */,
			);
			buildRules = (
			);
			dependencies = (
				8424C95D2FBD8ACB00D3D664 /* PBXTargetDependency */,
			);
			fileSystemSynchronizedGroups = (
				8424C95E2FBD8ACB00D3D664 /* SwiftUIDemoAllComponentsTests */,
			);
			name = SwiftUIDemoAllComponentsTests;
			packageProductDependencies = (
			);
			productName = SwiftUIDemoAllComponentsTests;
			productReference = 8424C95B2FBD8ACB00D3D664 /* SwiftUIDemoAllComponentsTests.xctest */;
			productType = "com.apple.product-type.bundle.unit-test";
		};
		8424C9642FBD8ACB00D3D664 /* SwiftUIDemoAllComponentsUITests */ = {
			isa = PBXNativeTarget;
			buildConfigurationList = 8424C9752FBD8ACB00D3D664 /* Build configuration list for PBXNativeTarget "SwiftUIDemoAllComponentsUITests" */;
			buildPhases = (
				8424C9612FBD8ACB00D3D664 /* Sources */,
				8424C9622FBD8ACB00D3D664 /* Frameworks */,
				8424C9632FBD8ACB00D3D664 /* Resources */,
			);
			buildRules = (
			);
			dependencies = (
				8424C9672FBD8ACB00D3D664 /* PBXTargetDependency */,
			);
			fileSystemSynchronizedGroups = (
				8424C9682FBD8ACB00D3D664 /* SwiftUIDemoAllComponentsUITests */,
			);
			name = SwiftUIDemoAllComponentsUITests;
			packageProductDependencies = (
			);
			productName = SwiftUIDemoAllComponentsUITests;
			productReference = 8424C9652FBD8ACB00D3D664 /* SwiftUIDemoAllComponentsUITests.xctest */;
			productType = "com.apple.product-type.bundle.ui-testing";
		};
/* End PBXNativeTarget section */

/* Begin PBXProject section */
		8424C9462FBD8AC700D3D664 /* Project object */ = {
			isa = PBXProject;
			attributes = {
				BuildIndependentTargetsInParallel = 1;
				LastSwiftUpdateCheck = 2640;
				LastUpgradeCheck = 2640;
				TargetAttributes = {
					8424C94D2FBD8AC700D3D664 = {
						CreatedOnToolsVersion = 26.4.1;
					};
					8424C95A2FBD8ACB00D3D664 = {
						CreatedOnToolsVersion = 26.4.1;
						TestTargetID = 8424C94D2FBD8AC700D3D664;
					};
					8424C9642FBD8ACB00D3D664 = {
						CreatedOnToolsVersion = 26.4.1;
						TestTargetID = 8424C94D2FBD8AC700D3D664;
					};
				};
			};
			buildConfigurationList = 8424C9492FBD8AC700D3D664 /* Build configuration list for PBXProject "SwiftUIDemoAllComponents" */;
			developmentRegion = en;
			hasScannedForEncodings = 0;
			knownRegions = (
				en,
				Base,
			);
			mainGroup = 8424C9452FBD8AC700D3D664;
			minimizedProjectReferenceProxies = 1;
			preferredProjectObjectVersion = 77;
			productRefGroup = 8424C94F2FBD8AC700D3D664 /* Products */;
			projectDirPath = "";
			projectRoot = "";
			targets = (
				8424C94D2FBD8AC700D3D664 /* SwiftUIDemoAllComponents */,
				8424C95A2FBD8ACB00D3D664 /* SwiftUIDemoAllComponentsTests */,
				8424C9642FBD8ACB00D3D664 /* SwiftUIDemoAllComponentsUITests */,
			);
		};
/* End PBXProject section */

/* Begin PBXResourcesBuildPhase section */
		8424C94C2FBD8AC700D3D664 /* Resources */ = {
			isa = PBXResourcesBuildPhase;
			buildActionMask = 2147483647;
			files = (
			);
			runOnlyForDeploymentPostprocessing = 0;
		};
		8424C9592FBD8ACB00D3D664 /* Resources */ = {
			isa = PBXResourcesBuildPhase;
			buildActionMask = 2147483647;
			files = (
			);
			runOnlyForDeploymentPostprocessing = 0;
		};
		8424C9632FBD8ACB00D3D664 /* Resources */ = {
			isa = PBXResourcesBuildPhase;
			buildActionMask = 2147483647;
			files = (
			);
			runOnlyForDeploymentPostprocessing = 0;
		};
/* End PBXResourcesBuildPhase section */

/* Begin PBXSourcesBuildPhase section */
		8424C94A2FBD8AC700D3D664 /* Sources */ = {
			isa = PBXSourcesBuildPhase;
			buildActionMask = 2147483647;
			files = (
			);
			runOnlyForDeploymentPostprocessing = 0;
		};
		8424C9572FBD8ACB00D3D664 /* Sources */ = {
			isa = PBXSourcesBuildPhase;
			buildActionMask = 2147483647;
			files = (
			);
			runOnlyForDeploymentPostprocessing = 0;
		};
		8424C9612FBD8ACB00D3D664 /* Sources */ = {
			isa = PBXSourcesBuildPhase;
			buildActionMask = 2147483647;
			files = (
			);
			runOnlyForDeploymentPostprocessing = 0;
		};
/* End PBXSourcesBuildPhase section */

/* Begin PBXTargetDependency section */
		8424C95D2FBD8ACB00D3D664 /* PBXTargetDependency */ = {
			isa = PBXTargetDependency;
			target = 8424C94D2FBD8AC700D3D664 /* SwiftUIDemoAllComponents */;
			targetProxy = 8424C95C2FBD8ACB00D3D664 /* PBXContainerItemProxy */;
		};
		8424C9672FBD8ACB00D3D664 /* PBXTargetDependency */ = {
			isa = PBXTargetDependency;
			target = 8424C94D2FBD8AC700D3D664 /* SwiftUIDemoAllComponents */;
			targetProxy = 8424C9662FBD8ACB00D3D664 /* PBXContainerItemProxy */;
		};
/* End PBXTargetDependency section */

/* Begin XCBuildConfiguration section */
		8424C96D2FBD8ACB00D3D664 /* Debug */ = {
			isa = XCBuildConfiguration;
			buildSettings = {
				ALWAYS_SEARCH_USER_PATHS = NO;
				ASSETCATALOG_COMPILER_GENERATE_SWIFT_ASSET_SYMBOL_EXTENSIONS = YES;
				CLANG_ANALYZER_NONNULL = YES;
				CLANG_ANALYZER_NUMBER_OBJECT_CONVERSION = YES_AGGRESSIVE;
				CLANG_CXX_LANGUAGE_STANDARD = "gnu++20";
				CLANG_ENABLE_MODULES = YES;
				CLANG_ENABLE_OBJC_ARC = YES;
				CLANG_ENABLE_OBJC_WEAK = YES;
				CLANG_WARN_BLOCK_CAPTURE_AUTORELEASING = YES;
				CLANG_WARN_BOOL_CONVERSION = YES;
				CLANG_WARN_COMMA = YES;
				CLANG_WARN_CONSTANT_CONVERSION = YES;
				CLANG_WARN_DEPRECATED_OBJC_IMPLEMENTATIONS = YES;
				CLANG_WARN_DIRECT_OBJC_ISA_USAGE = YES_ERROR;
				CLANG_WARN_DOCUMENTATION_COMMENTS = YES;
				CLANG_WARN_EMPTY_BODY = YES;
				CLANG_WARN_ENUM_CONVERSION = YES;
				CLANG_WARN_INFINITE_RECURSION = YES;
				CLANG_WARN_INT_CONVERSION = YES;
				CLANG_WARN_NON_LITERAL_NULL_CONVERSION = YES;
				CLANG_WARN_OBJC_IMPLICIT_RETAIN_SELF = YES;
				CLANG_WARN_OBJC_LITERAL_CONVERSION = YES;
				CLANG_WARN_OBJC_ROOT_CLASS = YES_ERROR;
				CLANG_WARN_QUOTED_INCLUDE_IN_FRAMEWORK_HEADER = YES;
				CLANG_WARN_RANGE_LOOP_ANALYSIS = YES;
				CLANG_WARN_STRICT_PROTOTYPES = YES;
				CLANG_WARN_SUSPICIOUS_MOVE = YES;
				CLANG_WARN_UNGUARDED_AVAILABILITY = YES_AGGRESSIVE;
				CLANG_WARN_UNREACHABLE_CODE = YES;
				CLANG_WARN__DUPLICATE_METHOD_MATCH = YES;
				COPY_PHASE_STRIP = NO;
				DEBUG_INFORMATION_FORMAT = dwarf;
				ENABLE_STRICT_OBJC_MSGSEND = YES;
				ENABLE_TESTABILITY = YES;
				ENABLE_USER_SCRIPT_SANDBOXING = YES;
				GCC_C_LANGUAGE_STANDARD = gnu17;
				GCC_DYNAMIC_NO_PIC = NO;
				GCC_NO_COMMON_BLOCKS = YES;
				GCC_OPTIMIZATION_LEVEL = 0;
				GCC_PREPROCESSOR_DEFINITIONS = (
					"DEBUG=1",
					"$(inherited)",
				);
				GCC_WARN_64_TO_32_BIT_CONVERSION = YES;
				GCC_WARN_ABOUT_RETURN_TYPE = YES_ERROR;
				GCC_WARN_UNDECLARED_SELECTOR = YES;
				GCC_WARN_UNINITIALIZED_AUTOS = YES_AGGRESSIVE;
				GCC_WARN_UNUSED_FUNCTION = YES;
				GCC_WARN_UNUSED_VARIABLE = YES;
				IPHONEOS_DEPLOYMENT_TARGET = 26.4;
				LOCALIZATION_PREFERS_STRING_CATALOGS = YES;
				MTL_ENABLE_DEBUG_INFO = INCLUDE_SOURCE;
				MTL_FAST_MATH = YES;
				ONLY_ACTIVE_ARCH = YES;
				SDKROOT = iphoneos;
				SWIFT_ACTIVE_COMPILATION_CONDITIONS = "DEBUG $(inherited)";
				SWIFT_OPTIMIZATION_LEVEL = "-Onone";
			};
			name = Debug;
		};
		8424C96E2FBD8ACB00D3D664 /* Release */ = {
			isa = XCBuildConfiguration;
			buildSettings = {
				ALWAYS_SEARCH_USER_PATHS = NO;
				ASSETCATALOG_COMPILER_GENERATE_SWIFT_ASSET_SYMBOL_EXTENSIONS = YES;
				CLANG_ANALYZER_NONNULL = YES;
				CLANG_ANALYZER_NUMBER_OBJECT_CONVERSION = YES_AGGRESSIVE;
				CLANG_CXX_LANGUAGE_STANDARD = "gnu++20";
				CLANG_ENABLE_MODULES = YES;
				CLANG_ENABLE_OBJC_ARC = YES;
				CLANG_ENABLE_OBJC_WEAK = YES;
				CLANG_WARN_BLOCK_CAPTURE_AUTORELEASING = YES;
				CLANG_WARN_BOOL_CONVERSION = YES;
				CLANG_WARN_COMMA = YES;
				CLANG_WARN_CONSTANT_CONVERSION = YES;
				CLANG_WARN_DEPRECATED_OBJC_IMPLEMENTATIONS = YES;
				CLANG_WARN_DIRECT_OBJC_ISA_USAGE = YES_ERROR;
				CLANG_WARN_DOCUMENTATION_COMMENTS = YES;
				CLANG_WARN_EMPTY_BODY = YES;
				CLANG_WARN_ENUM_CONVERSION = YES;
				CLANG_WARN_INFINITE_RECURSION = YES;
				CLANG_WARN_INT_CONVERSION = YES;
				CLANG_WARN_NON_LITERAL_NULL_CONVERSION = YES;
				CLANG_WARN_OBJC_IMPLICIT_RETAIN_SELF = YES;
				CLANG_WARN_OBJC_LITERAL_CONVERSION = YES;
				CLANG_WARN_OBJC_ROOT_CLASS = YES_ERROR;
				CLANG_WARN_QUOTED_INCLUDE_IN_FRAMEWORK_HEADER = YES;
				CLANG_WARN_RANGE_LOOP_ANALYSIS = YES;
				CLANG_WARN_STRICT_PROTOTYPES = YES;
				CLANG_WARN_SUSPICIOUS_MOVE = YES;
				CLANG_WARN_UNGUARDED_AVAILABILITY = YES_AGGRESSIVE;
				CLANG_WARN_UNREACHABLE_CODE = YES;
				CLANG_WARN__DUPLICATE_METHOD_MATCH = YES;
				COPY_PHASE_STRIP = NO;
				DEBUG_INFORMATION_FORMAT = "dwarf-with-dsym";
				ENABLE_NS_ASSERTIONS = NO;
				ENABLE_STRICT_OBJC_MSGSEND = YES;
				ENABLE_USER_SCRIPT_SANDBOXING = YES;
				GCC_C_LANGUAGE_STANDARD = gnu17;
				GCC_NO_COMMON_BLOCKS = YES;
				GCC_WARN_64_TO_32_BIT_CONVERSION = YES;
				GCC_WARN_ABOUT_RETURN_TYPE = YES_ERROR;
				GCC_WARN_UNDECLARED_SELECTOR = YES;
				GCC_WARN_UNINITIALIZED_AUTOS = YES_AGGRESSIVE;
				GCC_WARN_UNUSED_FUNCTION = YES;
				GCC_WARN_UNUSED_VARIABLE = YES;
				IPHONEOS_DEPLOYMENT_TARGET = 26.4;
				LOCALIZATION_PREFERS_STRING_CATALOGS = YES;
				MTL_ENABLE_DEBUG_INFO = NO;
				MTL_FAST_MATH = YES;
				SDKROOT = iphoneos;
				SWIFT_COMPILATION_MODE = wholemodule;
				VALIDATE_PRODUCT = YES;
			};
			name = Release;
		};
		8424C9702FBD8ACB00D3D664 /* Debug */ = {
			isa = XCBuildConfiguration;
			buildSettings = {
				ASSETCATALOG_COMPILER_APPICON_NAME = AppIcon;
				ASSETCATALOG_COMPILER_GLOBAL_ACCENT_COLOR_NAME = AccentColor;
				CODE_SIGN_STYLE = Manual;
				CURRENT_PROJECT_VERSION = 1;
				DEVELOPMENT_TEAM = "";
				ENABLE_PREVIEWS = YES;
				GENERATE_INFOPLIST_FILE = YES;
				INFOPLIST_KEY_UIApplicationSceneManifest_Generation = YES;
				INFOPLIST_KEY_UIApplicationSupportsIndirectInputEvents = YES;
				INFOPLIST_KEY_UILaunchScreen_Generation = YES;
				INFOPLIST_KEY_UISupportedInterfaceOrientations_iPad = "UIInterfaceOrientationPortrait UIInterfaceOrientationPortraitUpsideDown UIInterfaceOrientationLandscapeLeft UIInterfaceOrientationLandscapeRight";
				INFOPLIST_KEY_UISupportedInterfaceOrientations_iPhone = "UIInterfaceOrientationPortrait UIInterfaceOrientationLandscapeLeft UIInterfaceOrientationLandscapeRight";
				LD_RUNPATH_SEARCH_PATHS = (
					"$(inherited)",
					"@executable_path/Frameworks",
				);
				MARKETING_VERSION = 1.0;
				PRODUCT_BUNDLE_IDENTIFIER = test.com.SwiftUIDemoAllComponents;
				PRODUCT_NAME = "$(TARGET_NAME)";
				PROVISIONING_PROFILE_SPECIFIER = "";
				STRING_CATALOG_GENERATE_SYMBOLS = YES;
				SWIFT_APPROACHABLE_CONCURRENCY = YES;
				SWIFT_DEFAULT_ACTOR_ISOLATION = MainActor;
				SWIFT_EMIT_LOC_STRINGS = YES;
				SWIFT_UPCOMING_FEATURE_MEMBER_IMPORT_VISIBILITY = YES;
				SWIFT_VERSION = 5.0;
				TARGETED_DEVICE_FAMILY = "1,2";
			};
			name = Debug;
		};
		8424C9712FBD8ACB00D3D664 /* Release */ = {
			isa = XCBuildConfiguration;
			buildSettings = {
				ASSETCATALOG_COMPILER_APPICON_NAME = AppIcon;
				ASSETCATALOG_COMPILER_GLOBAL_ACCENT_COLOR_NAME = AccentColor;
				CODE_SIGN_STYLE = Manual;
				CURRENT_PROJECT_VERSION = 1;
				DEVELOPMENT_TEAM = "";
				ENABLE_PREVIEWS = YES;
				GENERATE_INFOPLIST_FILE = YES;
				INFOPLIST_KEY_UIApplicationSceneManifest_Generation = YES;
				INFOPLIST_KEY_UIApplicationSupportsIndirectInputEvents = YES;
				INFOPLIST_KEY_UILaunchScreen_Generation = YES;
				INFOPLIST_KEY_UISupportedInterfaceOrientations_iPad = "UIInterfaceOrientationPortrait UIInterfaceOrientationPortraitUpsideDown UIInterfaceOrientationLandscapeLeft UIInterfaceOrientationLandscapeRight";
				INFOPLIST_KEY_UISupportedInterfaceOrientations_iPhone = "UIInterfaceOrientationPortrait UIInterfaceOrientationLandscapeLeft UIInterfaceOrientationLandscapeRight";
				LD_RUNPATH_SEARCH_PATHS = (
					"$(inherited)",
					"@executable_path/Frameworks",
				);
				MARKETING_VERSION = 1.0;
				PRODUCT_BUNDLE_IDENTIFIER = test.com.SwiftUIDemoAllComponents;
				PRODUCT_NAME = "$(TARGET_NAME)";
				PROVISIONING_PROFILE_SPECIFIER = "";
				STRING_CATALOG_GENERATE_SYMBOLS = YES;
				SWIFT_APPROACHABLE_CONCURRENCY = YES;
				SWIFT_DEFAULT_ACTOR_ISOLATION = MainActor;
				SWIFT_EMIT_LOC_STRINGS = YES;
				SWIFT_UPCOMING_FEATURE_MEMBER_IMPORT_VISIBILITY = YES;
				SWIFT_VERSION = 5.0;
				TARGETED_DEVICE_FAMILY = "1,2";
			};
			name = Release;
		};
		8424C9732FBD8ACB00D3D664 /* Debug */ = {
			isa = XCBuildConfiguration;
			buildSettings = {
				BUNDLE_LOADER = "$(TEST_HOST)";
				CODE_SIGN_STYLE = Automatic;
				CURRENT_PROJECT_VERSION = 1;
				GENERATE_INFOPLIST_FILE = YES;
				IPHONEOS_DEPLOYMENT_TARGET = 26.4;
				MARKETING_VERSION = 1.0;
				PRODUCT_BUNDLE_IDENTIFIER = test.com.SwiftUIDemoAllComponentsTests;
				PRODUCT_NAME = "$(TARGET_NAME)";
				STRING_CATALOG_GENERATE_SYMBOLS = NO;
				SWIFT_APPROACHABLE_CONCURRENCY = YES;
				SWIFT_EMIT_LOC_STRINGS = NO;
				SWIFT_UPCOMING_FEATURE_MEMBER_IMPORT_VISIBILITY = YES;
				SWIFT_VERSION = 5.0;
				TARGETED_DEVICE_FAMILY = "1,2";
				TEST_HOST = "$(BUILT_PRODUCTS_DIR)/SwiftUIDemoAllComponents.app/$(BUNDLE_EXECUTABLE_FOLDER_PATH)/SwiftUIDemoAllComponents";
			};
			name = Debug;
		};
		8424C9742FBD8ACB00D3D664 /* Release */ = {
			isa = XCBuildConfiguration;
			buildSettings = {
				BUNDLE_LOADER = "$(TEST_HOST)";
				CODE_SIGN_STYLE = Automatic;
				CURRENT_PROJECT_VERSION = 1;
				GENERATE_INFOPLIST_FILE = YES;
				IPHONEOS_DEPLOYMENT_TARGET = 26.4;
				MARKETING_VERSION = 1.0;
				PRODUCT_BUNDLE_IDENTIFIER = test.com.SwiftUIDemoAllComponentsTests;
				PRODUCT_NAME = "$(TARGET_NAME)";
				STRING_CATALOG_GENERATE_SYMBOLS = NO;
				SWIFT_APPROACHABLE_CONCURRENCY = YES;
				SWIFT_EMIT_LOC_STRINGS = NO;
				SWIFT_UPCOMING_FEATURE_MEMBER_IMPORT_VISIBILITY = YES;
				SWIFT_VERSION = 5.0;
				TARGETED_DEVICE_FAMILY = "1,2";
				TEST_HOST = "$(BUILT_PRODUCTS_DIR)/SwiftUIDemoAllComponents.app/$(BUNDLE_EXECUTABLE_FOLDER_PATH)/SwiftUIDemoAllComponents";
			};
			name = Release;
		};
		8424C9762FBD8ACB00D3D664 /* Debug */ = {
			isa = XCBuildConfiguration;
			buildSettings = {
				CODE_SIGN_STYLE = Automatic;
				CURRENT_PROJECT_VERSION = 1;
				GENERATE_INFOPLIST_FILE = YES;
				MARKETING_VERSION = 1.0;
				PRODUCT_BUNDLE_IDENTIFIER = test.com.SwiftUIDemoAllComponentsUITests;
				PRODUCT_NAME = "$(TARGET_NAME)";
				STRING_CATALOG_GENERATE_SYMBOLS = NO;
				SWIFT_APPROACHABLE_CONCURRENCY = YES;
				SWIFT_EMIT_LOC_STRINGS = NO;
				SWIFT_UPCOMING_FEATURE_MEMBER_IMPORT_VISIBILITY = YES;
				SWIFT_VERSION = 5.0;
				TARGETED_DEVICE_FAMILY = "1,2";
				TEST_TARGET_NAME = SwiftUIDemoAllComponents;
			};
			name = Debug;
		};
		8424C9772FBD8ACB00D3D664 /* Release */ = {
			isa = XCBuildConfiguration;
			buildSettings = {
				CODE_SIGN_STYLE = Automatic;
				CURRENT_PROJECT_VERSION = 1;
				GENERATE_INFOPLIST_FILE = YES;
				MARKETING_VERSION = 1.0;
				PRODUCT_BUNDLE_IDENTIFIER = test.com.SwiftUIDemoAllComponentsUITests;
				PRODUCT_NAME = "$(TARGET_NAME)";
				STRING_CATALOG_GENERATE_SYMBOLS = NO;
				SWIFT_APPROACHABLE_CONCURRENCY = YES;
				SWIFT_EMIT_LOC_STRINGS = NO;
				SWIFT_UPCOMING_FEATURE_MEMBER_IMPORT_VISIBILITY = YES;
				SWIFT_VERSION = 5.0;
				TARGETED_DEVICE_FAMILY = "1,2";
				TEST_TARGET_NAME = SwiftUIDemoAllComponents;
			};
			name = Release;
		};
/* End XCBuildConfiguration section */

/* Begin XCConfigurationList section */
		8424C9492FBD8AC700D3D664 /* Build configuration list for PBXProject "SwiftUIDemoAllComponents" */ = {
			isa = XCConfigurationList;
			buildConfigurations = (
				8424C96D2FBD8ACB00D3D664 /* Debug */,
				8424C96E2FBD8ACB00D3D664 /* Release */,
			);
			defaultConfigurationIsVisible = 0;
			defaultConfigurationName = Release;
		};
		8424C96F2FBD8ACB00D3D664 /* Build configuration list for PBXNativeTarget "SwiftUIDemoAllComponents" */ = {
			isa = XCConfigurationList;
			buildConfigurations = (
				8424C9702FBD8ACB00D3D664 /* Debug */,
				8424C9712FBD8ACB00D3D664 /* Release */,
			);
			defaultConfigurationIsVisible = 0;
			defaultConfigurationName = Release;
		};
		8424C9722FBD8ACB00D3D664 /* Build configuration list for PBXNativeTarget "SwiftUIDemoAllComponentsTests" */ = {
			isa = XCConfigurationList;
			buildConfigurations = (
				8424C9732FBD8ACB00D3D664 /* Debug */,
				8424C9742FBD8ACB00D3D664 /* Release */,
			);
			defaultConfigurationIsVisible = 0;
			defaultConfigurationName = Release;
		};
		8424C9752FBD8ACB00D3D664 /* Build configuration list for PBXNativeTarget "SwiftUIDemoAllComponentsUITests" */ = {
			isa = XCConfigurationList;
			buildConfigurations = (
				8424C9762FBD8ACB00D3D664 /* Debug */,
				8424C9772FBD8ACB00D3D664 /* Release */,
			);
			defaultConfigurationIsVisible = 0;
			defaultConfigurationName = Release;
		};
/* End XCConfigurationList section */
	};
	rootObject = 8424C9462FBD8AC700D3D664 /* Project object */;
}
